// !$*UTF8*$!
{
	archiveVersion = 1;
	classes = {
	};
	objectVersion = 50;
	objects = {

/* Begin PBXBuildFile section */
		BB9074E323CD5E5D00CC08AF /* AppDelegate.m in Sources */ = {isa = PBXBuildFile; fileRef = BB9074E223CD5E5D00CC08AF /* AppDelegate.m */; };
		BB9074E623CD5E5D00CC08AF /* SceneDelegate.m in Sources */ = {isa = PBXBuildFile; fileRef = BB9074E523CD5E5D00CC08AF /* SceneDelegate.m */; };
		BB9074E923CD5E5D00CC08AF /* ViewController.m in Sources */ = {isa = PBXBuildFile; fileRef = BB9074E823CD5E5D00CC08AF /* ViewController.m */; };
		BB9074EC23CD5E5D00CC08AF /* Main.storyboard in Resources */ = {isa = PBXBuildFile; fileRef = BB9074EA23CD5E5D00CC08AF /* Main.storyboard */; };
		BB9074EE23CD5E5F00CC08AF /* Assets.xcassets in Resources */ = {isa = PBXBuildFile; fileRef = BB9074ED23CD5E5F00CC08AF /* Assets.xcassets */; };
		BB9074F123CD5E5F00CC08AF /* LaunchScreen.storyboard in Resources */ = {isa = PBXBuildFile; fileRef = BB9074EF23CD5E5F00CC08AF /* LaunchScreen.storyboard */; };
		BB9074F423CD5E5F00CC08AF /* main.m in Sources */ = {isa = PBXBuildFile; fileRef = BB9074F323CD5E5F00CC08AF /* main.m */; };
/* End PBXBuildFile section */

/* Begin PBXFileReference section */
		BB9074DE23CD5E5D00CC08AF /* WRSwiftKit_Example.app */ = {isa = PBXFileReference; explicitFileType = wrapper.application; includeInIndex = 0; path = WRSwiftKit_Example.app; sourceTree = BUILT_PRODUCTS_DIR; };
		BB9074E123CD5E5D00CC08AF /* AppDelegate.h */ = {isa = PBXFileReference; lastKnownFileType = sourcecode.c.h; path = AppDelegate.h; sourceTree = "<group>"; };
		BB9074E223CD5E5D00CC08AF /* AppDelegate.m */ = {isa = PBXFileReference; lastKnownFileType = sourcecode.c.objc; path = AppDelegate.m; sourceTree = "<group>"; };
		BB9074E423CD5E5D00CC08AF /* SceneDelegate.h */ = {isa = PBXFileReference; lastKnownFileType = sourcecode.c.h; path = SceneDelegate.h; sourceTree = "<group>"; };
		BB9074E523CD5E5D00CC08AF /* SceneDelegate.m */ = {isa = PBXFileReference; lastKnownFileType = sourcecode.c.objc; path = SceneDelegate.m; sourceTree = "<group>"; };
		BB9074E723CD5E5D00CC08AF /* ViewController.h */ = {isa = PBXFileReference; lastKnownFileType = sourcecode.c.h; path = ViewController.h; sourceTree = "<group>"; };
		BB9074E823CD5E5D00CC08AF /* ViewController.m */ = {isa = PBXFileReference; lastKnownFileType = sourcecode.c.objc; path = ViewController.m; sourceTree = "<group>"; };
		BB9074EB23CD5E5D00CC08AF /* Base */ = {isa = PBXFileReference; lastKnownFileType = file.storyboard; name = Base; path = Base.lproj/Main.storyboard; sourceTree = "<group>"; };
		BB9074ED23CD5E5F00CC08AF /* Assets.xcassets */ = {isa = PBXFileReference; lastKnownFileType = folder.assetcatalog; path = Assets.xcassets; sourceTree = "<group>"; };
		BB9074F023CD5E5F00CC08AF /* Base */ = {isa = PBXFileReference; lastKnownFileType = file.storyboard; name = Base; path = Base.lproj/LaunchScreen.storyboard; sourceTree = "<group>"; };
		BB9074F223CD5E5F00CC08AF /* Info.plist */ = {isa = PBXFileReference; lastKnownFileType = text.plist.xml; path = Info.plist; sourceTree = "<group>"; };
		BB9074F323CD5E5F00CC08AF /* main.m */ = {isa = PBXFileReference; lastKnownFileType = sourcecode.c.objc; path = main.m; sourceTree = "<group>"; };
/* End PBXFileReference section */

/* Begin PBXFrameworksBuildPhase section */
		BB9074DB23CD5E5D00CC08AF /* Frameworks */ = {
			isa = PBXFrameworksBuildPhase;
			buildActionMask = 2147483647;
			files = (
			);
			runOnlyForDeploymentPostprocessing = 0;
		};
/* End PBXFrameworksBuildPhase section */

/* Begin PBXGroup section */
		BB9074D523CD5E5D00CC08AF = {
			isa = PBXGroup;
			children = (
				BB9074E023CD5E5D00CC08AF /* WRSwiftKit */,
				BB9074DF23CD5E5D00CC08AF /* Products */,
			);
			sourceTree = "<group>";
		};
		BB9074DF23CD5E5D00CC08AF /* Products */ = {
			isa = PBXGroup;
			children = (
				BB9074DE23CD5E5D00CC08AF /* WRSwiftKit_Example.app */,
			);
			name = Products;
			sourceTree = "<group>";
		};
		BB9074E023CD5E5D00CC08AF /* WRSwiftKit */ = {
			isa = PBXGroup;
			children = (
				BB9074E123CD5E5D00CC08AF /* AppDelegate.h */,
				BB9074E223CD5E5D00CC08AF /* AppDelegate.m */,
				BB9074E423CD5E5D00CC08AF /* SceneDelegate.h */,
				BB9074E523CD5E5D00CC08AF /* SceneDelegate.m */,
				BB9074E723CD5E5D00CC08AF /* ViewController.h */,
				BB9074E823CD5E5D00CC08AF /* ViewController.m */,
				BB9074EA23CD5E5D00CC08AF /* Main.storyboard */,
				BB9074ED23CD5E5F00CC08AF /* Assets.xcassets */,
				BB9074EF23CD5E5F00CC08AF /* LaunchScreen.storyboard */,
				BB9074F223CD5E5F00CC08AF /* Info.plist */,
				BB9074F323CD5E5F00CC08AF /* main.m */,
			);
			path = WRSwiftKit;
			sourceTree = "<group>";
		};
/* End PBXGroup section */

/* Begin PBXNativeTarget section */
		BB9074DD23CD5E5D00CC08AF /* WRSwiftKit_Example */ = {
			isa = PBXNativeTarget;
			buildConfigurationList = BB9074F723CD5E5F00CC08AF /* Build configuration list for PBXNativeTarget "WRSwiftKit_Example" */;
			buildPhases = (
				BB9074DA23CD5E5D00CC08AF /* Sources */,
				BB9074DB23CD5E5D00CC08AF /* Frameworks */,
				BB9074DC23CD5E5D00CC08AF /* Resources */,
			);
			buildRules = (
			);
			dependencies = (
			);
			name = WRSwiftKit_Example;
			productName = WRSwiftKit;
			productReference = BB9074DE23CD5E5D00CC08AF /* WRSwiftKit_Example.app */;
			productType = "com.apple.product-type.application";
		};
/* End PBXNativeTarget section */

/* Begin PBXProject section */
		BB9074D623CD5E5D00CC08AF /* Project object */ = {
			isa = PBXProject;
			attributes = {
				LastUpgradeCheck = 1130;
				ORGANIZATIONNAME = "项辉";
				TargetAttributes = {
					BB9074DD23CD5E5D00CC08AF = {
						CreatedOnToolsVersion = 11.3;
					};
				};
			};
			buildConfigurationList = BB9074D923CD5E5D00CC08AF /* Build configuration list for PBXProject "WRSwiftKit" */;
			compatibilityVersion = "Xcode 9.3";
			developmentRegion = en;
			hasScannedForEncodings = 0;
			knownRegions = (
				en,
				Base,
			);
			mainGroup = BB9074D523CD5E5D00CC08AF;
			productRefGroup = BB9074DF23CD5E5D00CC08AF /* Products */;
			projectDirPath = "";
			projectRoot = "";
			targets = (
				BB9074DD23CD5E5D00CC08AF /* WRSwiftKit_Example */,
			);
		};
/* End PBXProject section */

/* Begin PBXResourcesBuildPhase section */
		BB9074DC23CD5E5D00CC08AF /* Resources */ = {
			isa = PBXResourcesBuildPhase;
			buildActionMask = 2147483647;
			files = (
				BB9074F123CD5E5F00CC08AF /* LaunchScreen.storyboard in Resources */,
				BB9074EE23CD5E5F00CC08AF /* Assets.xcassets in Resources */,
				BB9074EC23CD5E5D00CC08AF /* Main.storyboard in Resources */,
			);
			runOnlyForDeploymentPostprocessing = 0;
		};
/* End PBXResourcesBuildPhase section */

/* Begin PBXSourcesBuildPhase section */
		BB9074DA23CD5E5D00CC08AF /* Sources */ = {
			isa = PBXSourcesBuildPhase;
			buildActionMask = 2147483647;
			files = (
				BB9074E923CD5E5D00CC08AF /* ViewController.m in Sources */,
				BB9074E323CD5E5D00CC08AF /* AppDelegate.m in Sources */,
				BB9074F423CD5E5F00CC08AF /* main.m in Sources */,
				BB9074E623CD5E5D00CC08AF /* SceneDelegate.m in Sources */,
			);
			runOnlyForDeploymentPostprocessing = 0;
		};
/* End PBXSourcesBuildPhase section */

/* Begin PBXVariantGroup section */
		BB9074EA23CD5E5D00CC08AF /* Main.storyboard */ = {
			isa = PBXVariantGroup;
			children = (
				BB9074EB23CD5E5D00CC08AF /* Base */,
			);
			name = Main.storyboard;
			sourceTree = "<group>";
		};
		BB9074EF23CD5E5F00CC08AF /* LaunchScreen.storyboard */ = {
			isa = PBXVariantGroup;
			children = (
				BB9074F023CD5E5F00CC08AF /* Base */,
			);
			name = LaunchScreen.storyboard;
			sourceTree = "<group>";
		};
/* End PBXVariantGroup section */

/* Begin XCBuildConfiguration section */
		BB9074F523CD5E5F00CC08AF /* Debug */ = {
			isa = XCBuildConfiguration;
			buildSettings = {
				ALWAYS_SEARCH_USER_PATHS = NO;
				CLANG_ANALYZER_NONNULL = YES;
				CLANG_ANALYZER_NUMBER_OBJECT_CONVERSION = YES_AGGRESSIVE;
				CLANG_CXX_LANGUAGE_STANDARD = "gnu++14";
				CLANG_CXX_LIBRARY = "libc++";
				CLANG_ENABLE_MODULES = YES;
				CLANG_ENABLE_OBJC_ARC = YES;
				CLANG_ENABLE_OBJC_WEAK = YES;
				CLANG_WARN_BLOCK_CAPTURE_AUTORELEASING = YES;
				CLANG_WARN_BOOL_CONVERSION = YES;
				CLANG_WARN_COMMA = YES;
				CLANG_WARN_CONSTANT_CONVERSION = YES;
				CLANG_WARN_DEPRECATED_OBJC_IMPLEMENTATIONS = YES;
				CLANG_WARN_DIRECT_OBJC_ISA_USAGE = YES_ERROR;
				CLANG_WARN_DOCUMENTATION_COMMENTS = YES;
				CLANG_WARN_EMPTY_BODY = YES;
				CLANG_WARN_ENUM_CONVERSION = YES;
				CLANG_WARN_INFINITE_RECURSION = YES;
				CLANG_WARN_INT_CONVERSION = YES;
				CLANG_WARN_NON_LITERAL_NULL_CONVERSION = YES;
				CLANG_WARN_OBJC_IMPLICIT_RETAIN_SELF = YES;
				CLANG_WARN_OBJC_LITERAL_CONVERSION = YES;
				CLANG_WARN_OBJC_ROOT_CLASS = YES_ERROR;
				CLANG_WARN_RANGE_LOOP_ANALYSIS = YES;
				CLANG_WARN_STRICT_PROTOTYPES = YES;
				CLANG_WARN_SUSPICIOUS_MOVE = YES;
				CLANG_WARN_UNGUARDED_AVAILABILITY = YES_AGGRESSIVE;
				CLANG_WARN_UNREACHABLE_CODE = YES;
				CLANG_WARN__DUPLICATE_METHOD_MATCH = YES;
				COPY_PHASE_STRIP = NO;
				DEBUG_INFORMATION_FORMAT = dwarf;
				ENABLE_STRICT_OBJC_MSGSEND = YES;
				ENABLE_TESTABILITY = YES;
				GCC_C_LANGUAGE_STANDARD = gnu11;
				GCC_DYNAMIC_NO_PIC = NO;
				GCC_NO_COMMON_BLOCKS = YES;
				GCC_OPTIMIZATION_LEVEL = 0;
				GCC_PREPROCESSOR_DEFINITIONS = (
					"DEBUG=1",
					"$(inherited)",
				);
				GCC_WARN_64_TO_32_BIT_CONVERSION = YES;
				GCC_WARN_ABOUT_RETURN_TYPE = YES_ERROR;
				GCC_WARN_UNDECLARED_SELECTOR = YES;
				GCC_WARN_UNINITIALIZED_AUTOS = YES_AGGRESSIVE;
				GCC_WARN_UNUSED_FUNCTION = YES;
				GCC_WARN_UNUSED_VARIABLE = YES;
				IPHONEOS_DEPLOYMENT_TARGET = 13.2;
				MTL_ENABLE_DEBUG_INFO = INCLUDE_SOURCE;
				MTL_FAST_MATH = YES;
				ONLY_ACTIVE_ARCH = YES;
				SDKROOT = iphoneos;
			};
			name = Debug;
		};
		BB9074F623CD5E5F00CC08AF /* Release */ = {
			isa = XCBuildConfiguration;
			buildSettings = {
				ALWAYS_SEARCH_USER_PATHS = NO;
				CLANG_ANALYZER_NONNULL = YES;
				CLANG_ANALYZER_NUMBER_OBJECT_CONVERSION = YES_AGGRESSIVE;
				CLANG_CXX_LANGUAGE_STANDARD = "gnu++14";
				CLANG_CXX_LIBRARY = "libc++";
				CLANG_ENABLE_MODULES = YES;
				CLANG_ENABLE_OBJC_ARC = YES;
				CLANG_ENABLE_OBJC_WEAK = YES;
				CLANG_WARN_BLOCK_CAPTURE_AUTORELEASING = YES;
				CLANG_WARN_BOOL_CONVERSION = YES;
				CLANG_WARN_COMMA = YES;
				CLANG_WARN_CONSTANT_CONVERSION = YES;
				CLANG_WARN_DEPRECATED_OBJC_IMPLEMENTATIONS = YES;
				CLANG_WARN_DIRECT_OBJC_ISA_USAGE = YES_ERROR;
				CLANG_WARN_DOCUMENTATION_COMMENTS = YES;
				CLANG_WARN_EMPTY_BODY = YES;
				CLANG_WARN_ENUM_CONVERSION = YES;
				CLANG_WARN_INFINITE_RECURSION = YES;
				CLANG_WARN_INT_CONVERSION = YES;
				CLANG_WARN_NON_LITERAL_NULL_CONVERSION = YES;
				CLANG_WARN_OBJC_IMPLICIT_RETAIN_SELF = YES;
				CLANG_WARN_OBJC_LITERAL_CONVERSION = YES;
				CLANG_WARN_OBJC_ROOT_CLASS = YES_ERROR;
				CLANG_WARN_RANGE_LOOP_ANALYSIS = YES;
				CLANG_WARN_STRICT_PROTOTYPES = YES;
				CLANG_WARN_SUSPICIOUS_MOVE = YES;
				CLANG_WARN_UNGUARDED_AVAILABILITY = YES_AGGRESSIVE;
				CLANG_WARN_UNREACHABLE_CODE = YES;
				CLANG_WARN__DUPLICATE_METHOD_MATCH = YES;
				COPY_PHASE_STRIP = NO;
				DEBUG_INFORMATION_FORMAT = "dwarf-with-dsym";
				ENABLE_NS_ASSERTIONS = NO;
				ENABLE_STRICT_OBJC_MSGSEND = YES;
				GCC_C_LANGUAGE_STANDARD = gnu11;
				GCC_NO_COMMON_BLOCKS = YES;
				GCC_WARN_64_TO_32_BIT_CONVERSION = YES;
				GCC_WARN_ABOUT_RETURN_TYPE = YES_ERROR;
				GCC_WARN_UNDECLARED_SELECTOR = YES;
				GCC_WARN_UNINITIALIZED_AUTOS = YES_AGGRESSIVE;
				GCC_WARN_UNUSED_FUNCTION = YES;
				GCC_WARN_UNUSED_VARIABLE = YES;
				IPHONEOS_DEPLOYMENT_TARGET = 13.2;
				MTL_ENABLE_DEBUG_INFO = NO;
				MTL_FAST_MATH = YES;
				SDKROOT = iphoneos;
				VALIDATE_PRODUCT = YES;
			};
			name = Release;
		};
		BB9074F823CD5E5F00CC08AF /* Debug */ = {
			isa = XCBuildConfiguration;
			buildSettings = {
				ASSETCATALOG_COMPILER_APPICON_NAME = AppIcon;
				CODE_SIGN_STYLE = Automatic;
				DEVELOPMENT_TEAM = 6D9M2CY5KM;
				INFOPLIST_FILE = WRSwiftKit/Info.plist;
				LD_RUNPATH_SEARCH_PATHS = (
					"$(inherited)",
					"@executable_path/Frameworks",
				);
				PRODUCT_BUNDLE_IDENTIFIER = xianghui.WRSwiftKit;
				PRODUCT_NAME = "$(TARGET_NAME)";
				TARGETED_DEVICE_FAMILY = "1,2";
			};
			name = Debug;
		};
		BB9074F923CD5E5F00CC08AF /* Release */ = {
			isa = XCBuildConfiguration;
			buildSettings = {
				ASSETCATALOG_COMPILER_APPICON_NAME = AppIcon;
				CODE_SIGN_STYLE = Automatic;
				DEVELOPMENT_TEAM = 6D9M2CY5KM;
				INFOPLIST_FILE = WRSwiftKit/Info.plist;
				LD_RUNPATH_SEARCH_PATHS = (
					"$(inherited)",
					"@executable_path/Frameworks",
				);
				PRODUCT_BUNDLE_IDENTIFIER = xianghui.WRSwiftKit;
				PRODUCT_NAME = "$(TARGET_NAME)";
				TARGETED_DEVICE_FAMILY = "1,2";
			};
			name = Release;
		};
/* End XCBuildConfiguration section */

/* Begin XCConfigurationList section */
		BB9074D923CD5E5D00CC08AF /* Build configuration list for PBXProject "WRSwiftKit" */ = {
			isa = XCConfigurationList;
			buildConfigurations = (
				BB9074F523CD5E5F00CC08AF /* Debug */,
				BB9074F623CD5E5F00CC08AF /* Release */,
			);
			defaultConfigurationIsVisible = 0;
			defaultConfigurationName = Release;
		};
		BB9074F723CD5E5F00CC08AF /* Build configuration list for PBXNativeTarget "WRSwiftKit_Example" */ = {
			isa = XCConfigurationList;
			buildConfigurations = (
				BB9074F823CD5E5F00CC08AF /* Debug */,
				BB9074F923CD5E5F00CC08AF /* Release */,
			);
			defaultConfigurationIsVisible = 0;
			defaultConfigurationName = Release;
		};
/* End XCConfigurationList section */
	};
	rootObject = BB9074D623CD5E5D00CC08AF /* Project object */;
}
